
Microsoft Visual Studio Solution File, Format Version 12.00
Project("{FAE04EC0-301F-11D3-BF4B-00C04F79EFBC}") = "Opgave01", "Lektion01\Opgave01\Opgave01.csproj", "{D57A9130-1C39-46BD-BA55-2988E4D76B56}"
EndProject
Project("{2150E333-8FDC-42A3-9474-1A3956D46DE8}") = "Lektion01", "Lektion01", "{D6114DE5-9F91-4DBA-9A2B-A15D5BEA042E}"
	ProjectSection(SolutionItems) = preProject
		Lektion01\opgaver.md = Lektion01\opgaver.md
	EndProjectSection
EndProject
Project("{2150E333-8FDC-42A3-9474-1A3956D46DE8}") = "Slides", "Slides", "{944F8351-978C-45D7-B330-83C3835455E4}"
	ProjectSection(SolutionItems) = preProject
		Lektion01\Slides\EcoSystem.md = Lektion01\Slides\EcoSystem.md
		Lektion01\Slides\Properties.md = Lektion01\Slides\Properties.md
		Lektion01\Slides\Records.md = Lektion01\Slides\Records.md
	EndProjectSection
EndProject
Project("{FAE04EC0-301F-11D3-BF4B-00C04F79EFBC}") = "Opgave02", "Lektion01\Opgave02\Opgave02.csproj", "{444CFE99-39E7-427F-8371-DDA038075B95}"
EndProject
Project("{FAE04EC0-301F-11D3-BF4B-00C04F79EFBC}") = "ConsoleApp1", "Lektion01\ConsoleApp1\ConsoleApp1.csproj", "{1691DC9A-1E5B-44FE-A6FA-C7FA51C2FE73}"
EndProject
Project("{FAE04EC0-301F-11D3-BF4B-00C04F79EFBC}") = "Opgave03", "Lektion01\Opgave03\Opgave03.csproj", "{919434EF-B536-4821-9B79-EEEA4C65AABE}"
EndProject
Project("{FAE04EC0-301F-11D3-BF4B-00C04F79EFBC}") = "Opgave04", "Lektion01\Opgave04\Opgave04.csproj", "{8CC87D04-5C3D-46B6-99C0-139710EDC9C4}"
EndProject
Project("{FAE04EC0-301F-11D3-BF4B-00C04F79EFBC}") = "Opgave05", "Lektion01\Opgave05\Opgave05.csproj", "{271C593B-0C3F-4A88-9FB0-4CB4F06EB878}"
EndProject
Global
	GlobalSection(SolutionConfigurationPlatforms) = preSolution
		Debug|Any CPU = Debug|Any CPU
		Release|Any CPU = Release|Any CPU
	EndGlobalSection
	GlobalSection(ProjectConfigurationPlatforms) = postSolution
		{D57A9130-1C39-46BD-BA55-2988E4D76B56}.Debug|Any CPU.ActiveCfg = Debug|Any CPU
		{D57A9130-1C39-46BD-BA55-2988E4D76B56}.Debug|Any CPU.Build.0 = Debug|Any CPU
		{D57A9130-1C39-46BD-BA55-2988E4D76B56}.Release|Any CPU.ActiveCfg = Release|Any CPU
		{D57A9130-1C39-46BD-BA55-2988E4D76B56}.Release|Any CPU.Build.0 = Release|Any CPU
		{444CFE99-39E7-427F-8371-DDA038075B95}.Debug|Any CPU.ActiveCfg = Debug|Any CPU
		{444CFE99-39E7-427F-8371-DDA038075B95}.Debug|Any CPU.Build.0 = Debug|Any CPU
		{444CFE99-39E7-427F-8371-DDA038075B95}.Release|Any CPU.ActiveCfg = Release|Any CPU
		{444CFE99-39E7-427F-8371-DDA038075B95}.Release|Any CPU.Build.0 = Release|Any CPU
		{1691DC9A-1E5B-44FE-A6FA-C7FA51C2FE73}.Debug|Any CPU.ActiveCfg = Debug|Any CPU
		{1691DC9A-1E5B-44FE-A6FA-C7FA51C2FE73}.Debug|Any CPU.Build.0 = Debug|Any CPU
		{1691DC9A-1E5B-44FE-A6FA-C7FA51C2FE73}.Release|Any CPU.ActiveCfg = Release|Any CPU
		{1691DC9A-1E5B-44FE-A6FA-C7FA51C2FE73}.Release|Any CPU.Build.0 = Release|Any CPU
		{919434EF-B536-4821-9B79-EEEA4C65AABE}.Debug|Any CPU.ActiveCfg = Debug|Any CPU
		{919434EF-B536-4821-9B79-EEEA4C65AABE}.Debug|Any CPU.Build.0 = Debug|Any CPU
		{919434EF-B536-4821-9B79-EEEA4C65AABE}.Release|Any CPU.ActiveCfg = Release|Any CPU
		{919434EF-B536-4821-9B79-EEEA4C65AABE}.Release|Any CPU.Build.0 = Release|Any CPU
		{8CC87D04-5C3D-46B6-99C0-139710EDC9C4}.Debug|Any CPU.ActiveCfg = Debug|Any CPU
		{8CC87D04-5C3D-46B6-99C0-139710EDC9C4}.Debug|Any CPU.Build.0 = Debug|Any CPU
		{8CC87D04-5C3D-46B6-99C0-139710EDC9C4}.Release|Any CPU.ActiveCfg = Release|Any CPU
		{8CC87D04-5C3D-46B6-99C0-139710EDC9C4}.Release|Any CPU.Build.0 = Release|Any CPU
		{271C593B-0C3F-4A88-9FB0-4CB4F06EB878}.Debug|Any CPU.ActiveCfg = Debug|Any CPU
		{271C593B-0C3F-4A88-9FB0-4CB4F06EB878}.Debug|Any CPU.Build.0 = Debug|Any CPU
		{271C593B-0C3F-4A88-9FB0-4CB4F06EB878}.Release|Any CPU.ActiveCfg = Release|Any CPU
		{271C593B-0C3F-4A88-9FB0-4CB4F06EB878}.Release|Any CPU.Build.0 = Release|Any CPU
	EndGlobalSection
	GlobalSection(NestedProjects) = preSolution
		{D57A9130-1C39-46BD-BA55-2988E4D76B56} = {D6114DE5-9F91-4DBA-9A2B-A15D5BEA042E}
		{944F8351-978C-45D7-B330-83C3835455E4} = {D6114DE5-9F91-4DBA-9A2B-A15D5BEA042E}
		{444CFE99-39E7-427F-8371-DDA038075B95} = {D6114DE5-9F91-4DBA-9A2B-A15D5BEA042E}
		{1691DC9A-1E5B-44FE-A6FA-C7FA51C2FE73} = {D6114DE5-9F91-4DBA-9A2B-A15D5BEA042E}
		{919434EF-B536-4821-9B79-EEEA4C65AABE} = {D6114DE5-9F91-4DBA-9A2B-A15D5BEA042E}
		{8CC87D04-5C3D-46B6-99C0-139710EDC9C4} = {D6114DE5-9F91-4DBA-9A2B-A15D5BEA042E}
		{271C593B-0C3F-4A88-9FB0-4CB4F06EB878} = {D6114DE5-9F91-4DBA-9A2B-A15D5BEA042E}
	EndGlobalSection
EndGlobal
